cloud.google.com/go v0.34.0 h1:eOI3/cP2VTU6uZLDYAoic+eyzzB9YyGmJ7eIjl8rOPg=
cloud.google.com/go v0.34.0/go.mod h1:aQUYkXzVsufM+DwF1aE+0xfcU+56JwCaLick0ClmMTw=
github.com/antihax/optional v1.0.0 h1:xK2lYat7ZLaVVcIuj82J8kIro4V6kDe0AUDFboUCwcg=
github.com/antihax/optional v1.0.0/go.mod h1:uupD/76wgC+ih3iEmQUL+0Ugr19nfwCT1kdvxnR2qWY=
github.com/bbalet/stopwords v1.0.0 h1:0TnGycCtY0zZi4ltKoOGRFIlZHv0WqpoIGUsObjztfo=
github.com/bbalet/stopwords v1.0.0/go.mod h1:sAWrQoDMfqARGIn4s6dp7OW7ISrshUD8IP2q3KoqPjc=
github.com/golang/protobuf v1.2.0 h1:P3YflyNX/ehuJFLhxviNdFxQPkGK5cDcApsge1SqnvM=
github.com/golang/protobuf v1.2.0/go.mod h1:6lQm79b+lXiMfvg/cZm0SGofjICqVBUtrP5yJMmIC1U=
github.com/gorilla/mux v1.8.0 h1:i40aqfkR1h2SlN9hojwV5ZA91wcXFOvkdNIeFDP5koI=
github.com/gorilla/mux v1.8.0/go.mod h1:DVbg23sWSpFRCP0SfiEN6jmj59UnW/n46BH5rLB71So=
github.com/kylebevans/twitapi v0.0.0-20201127043348-4f167e05ad28 h1:NOSxW1YreWctqA1cko7uWwh01CtN510X3uTcEzHslck=
github.com/kylebevans/twitapi v0.0.0-20201127043348-4f167e05ad28/go.mod h1:8g2VqP6WKACujfiZS6xj2mAtlvtvsDOo/IXk0X+Vm24=
github.com/kylebevans/twitapi v0.0.0-20201127053510-fe6717ad04d9 h1:A4ea95ipkx+6Xstba9zOekfxq5onnwcwO0PRJuT7/4M=
github.com/kylebevans/twitapi v0.0.0-20201127053510-fe6717ad04d9/go.mod h1:8g2VqP6WKACujfiZS6xj2mAtlvtvsDOo/IXk0X+Vm24=
github.com/kylebevans/twitapi v0.0.0-20201127053710-94a1b14d234f h1:P251IyxzSVMqnfF9Nr3k/VjC7+0gGaNOdnXh6GnjkII=
github.com/kylebevans/twitapi v0.0.0-20201127053710-94a1b14d234f/go.mod h1:8g2VqP6WKACujfiZS6xj2mAtlvtvsDOo/IXk0X+Vm24=
github.com/kylebevans/twitapi v0.0.0-20201127061600-2a78982d4b8b h1:M7ijjBMDrUhHuJzodNRT+kk5V5Xwyt0XAWmckFUjig0=
github.com/kylebevans/twitapi v0.0.0-20201127061600-2a78982d4b8b/go.mod h1:8g2VqP6WKACujfiZS6xj2mAtlvtvsDOo/IXk0X+Vm24=
github.com/kylebevans/twitapi v0.0.0-20201127062347-957d62b1a340 h1:nLZqQJg5llOLRXsYE3hQi1772KfE95I6m8OxqaESW1E=
github.com/kylebevans/twitapi v0.0.0-20201127062347-957d62b1a340/go.mod h1:8g2VqP6WKACujfiZS6xj2mAtlvtvsDOo/IXk0X+Vm24=
github.com/kylebevans/twitapi v0.0.0-20201128051910-dfbc1f126a24 h1:ZVmRURy3U/PlcnzB/baH8tPRx43kykYgsos9nn9P6KU=
github.com/kylebevans/twitapi v0.0.0-20201128051910-dfbc1f126a24/go.mod h1:8g2VqP6WKACujfiZS6xj2mAtlvtvsDOo/IXk0X+Vm24=
github.com/kylebevans/twitapi v0.0.0-20201128052431-19a46692ac91 h1:49ZbtX7FL/W4PX2AbxzPToG/Chyi7Tfpe2sCbsL4sDI=
github.com/kylebevans/twitapi v0.0.0-20201128052431-19a46692ac91/go.mod h1:8g2VqP6WKACujfiZS6xj2mAtlvtvsDOo/IXk0X+Vm24=
github.com/kylebevans/twitapi v0.0.0-20201128053042-e4cd92db8685 h1:OU/kHjp8aCwIER+Dd4nb8dSRhuMhW8Q+GT4YH6LIdsQ=
github.com/kylebevans/twitapi v0.0.0-20201128053042-e4cd92db8685/go.mod h1:8g2VqP6WKACujfiZS6xj2mAtlvtvsDOo/IXk0X+Vm24=
github.com/kylebevans/twitapi v0.0.0-20201128055208-273664e05c53 h1:2aE8OqxLgqZ8ZmwmCn91SBO1h0BmhUEzvuSQ1PZm1zM=
github.com/kylebevans/twitapi v0.0.0-20201128055208-273664e05c53/go.mod h1:8g2VqP6WKACujfiZS6xj2mAtlvtvsDOo/IXk0X+Vm24=
github.com/kylebevans/twitapi v0.0.0-20201128055901-b4f8e2973ded h1:gnA9bcrNOh4lAF8ljpZjZ0SVS/h/eTg9HZ3f9a8gpts=
github.com/kylebevans/twitapi v0.0.0-20201128055901-b4f8e2973ded/go.mod h1:8g2VqP6WKACujfiZS6xj2mAtlvtvsDOo/IXk0X+Vm24=
github.com/kylebevans/twitapi v0.0.0-20201128203749-2d1aec93c883 h1:cylFFCT3b6o4yZwqpoVzSb4UsrYYDQwQM/zIMv7Eyjk=
github.com/kylebevans/twitapi v0.0.0-20201128203749-2d1aec93c883/go.mod h1:8g2VqP6WKACujfiZS6xj2mAtlvtvsDOo/IXk0X+Vm24=
github.com/kylebevans/twitapi v0.0.0-20201128204151-bd98d01de5f7 h1:r6dngEK7c6+BK/i0/9AntBxAAIub2RtUFpGF/eVWF1o=
github.com/kylebevans/twitapi v0.0.0-20201128204151-bd98d01de5f7/go.mod h1:8g2VqP6WKACujfiZS6xj2mAtlvtvsDOo/IXk0X+Vm24=
github.com/kylebevans/twitapi v0.0.0-20201128205348-fa755e561a96 h1:P7GuaP73foxeWhxnolrxr9SsWO8nb+s9wOaKviLnZyY=
github.com/kylebevans/twitapi v0.0.0-20201128205348-fa755e561a96/go.mod h1:8g2VqP6WKACujfiZS6xj2mAtlvtvsDOo/IXk0X+Vm24=
github.com/kylebevans/twitapi v0.0.0-20201128205715-ca6048f53ed6 h1:R/jwJ0yZ50AWOAs59Li0UxAXnEzzuIk4hRxwu+1i4/4=
github.com/kylebevans/twitapi v0.0.0-20201128205715-ca6048f53ed6/go.mod h1:8g2VqP6WKACujfiZS6xj2mAtlvtvsDOo/IXk0X+Vm24=
golang.org/x/crypto v0.0.0-20190308221718-c2843e01d9a2/go.mod h1:djNgcEr1/C05ACkg1iLfiJU5Ep61QUkGW8qpdssI0+w=
golang.org/x/net v0.0.0-20180724234803-3673e40ba225/go.mod h1:mL1N/T3taQHkDXs73rZJwtUhF3w3ftmwwsq0BUmARs4=
golang.org/x/net v0.0.0-20190108225652-1e06a53dbb7e h1:bRhVy7zSSasaqNksaRZiA5EEI+Ei4I1nO5Jh72wfHlg=
golang.org/x/net v0.0.0-20190108225652-1e06a53dbb7e/go.mod h1:mL1N/T3taQHkDXs73rZJwtUhF3w3ftmwwsq0BUmARs4=
golang.org/x/net v0.0.0-20200324143707-d3edc9973b7e h1:3G+cUijn7XD+S4eJFddp53Pv7+slrESplyjG25HgL+k=
golang.org/x/net v0.0.0-20200324143707-d3edc9973b7e/go.mod h1:qpuaurCH72eLCgpAm/N6yyVIVM9cpaDIP3A8BGJEC5A=
golang.org/x/oauth2 v0.0.0-20190604053449-0f29369cfe45 h1:SVwTIAaPC2U/AvvLNZ2a7OVsmBpC8L5BlwK1whH3hm0=
golang.org/x/oauth2 v0.0.0-20190604053449-0f29369cfe45/go.mod h1:gOpvHmFTYa4IltrdGE7lF6nIHvwfUNPOp7c8zoXwtLw=
golang.org/x/sync v0.0.0-20181221193216-37e7f081c4d4 h1:YUO/7uOKsKeq9UokNS62b8FYywz3ker1l1vDZRCRefw=
golang.org/x/sync v0.0.0-20181221193216-37e7f081c4d4/go.mod h1:RxMgew5VJxzue5/jJTE5uejpjVlOe/izrB70Jof72aM=
golang.org/x/sys v0.0.0-20190215142949-d0b11bdaac8a/go.mod h1:STP8DvDyc/dI5b8T5hshtkjS+E42TnysNCUPdjciGhY=
golang.org/x/sys v0.0.0-20200323222414-85ca7c5b95cd h1:xhmwyvizuTgC2qz7ZlMluP20uW+C3Rm0FD/WLDX8884=
golang.org/x/sys v0.0.0-20200323222414-85ca7c5b95cd/go.mod h1:h1NjWce9XRLGQEsW7wpKNCjG9DtNlClVuFLEZdDNbEs=
golang.org/x/text v0.3.0 h1:g61tztE5qeGQ89tm6NTjjM9VPIm088od1l6aSorWRWg=
golang.org/x/text v0.3.0/go.mod h1:NqM8EUOU14njkJ3fqMW+pc6Ldnwhi/IjpwHt7yyuwOQ=
google.golang.org/appengine v1.4.0 h1:/wp5JvzpHIxhs/dumFmF7BXTf3Z+dd4uXta4kVyO508=
google.golang.org/appengine v1.4.0/go.mod h1:xpcJRLb0r/rnEns0DIKYYv+WjYCduHsrkT7/EB5XEv4=
